
Microsoft Visual Studio Solution File, Format Version 12.00
# Visual Studio Version 16
VisualStudioVersion = 16.0.32602.291
MinimumVisualStudioVersion = 10.0.40219.1
Project("{FAE04EC0-301F-11D3-BF4B-00C04F79EFBC}") = "Ejercicio1DeBartolomeoFerniot", "Ejercicio1DeBartolomeoFerniot.csproj", "{444D0BD6-8877-48C0-8650-8B5A03CB0618}"
EndProject
Global
	GlobalSection(SolutionConfigurationPlatforms) = preSolution
		Debug|Any CPU = Debug|Any CPU
		Release|Any CPU = Release|Any CPU
	EndGlobalSection
	GlobalSection(ProjectConfigurationPlatforms) = postSolution
		{444D0BD6-8877-48C0-8650-8B5A03CB0618}.Debug|Any CPU.ActiveCfg = Debug|Any CPU
		{444D0BD6-8877-48C0-8650-8B5A03CB0618}.Debug|Any CPU.Build.0 = Debug|Any CPU
		{444D0BD6-8877-48C0-8650-8B5A03CB0618}.Release|Any CPU.ActiveCfg = Release|Any CPU
		{444D0BD6-8877-48C0-8650-8B5A03CB0618}.Release|Any CPU.Build.0 = Release|Any CPU
	EndGlobalSection
	GlobalSection(SolutionProperties) = preSolution
		HideSolutionNode = FALSE
	EndGlobalSection
	GlobalSection(ExtensibilityGlobals) = postSolution
		SolutionGuid = {40EE17C1-8509-438C-8A3C-DF5966526C07}
	EndGlobalSection
EndGlobal
